
Microsoft Visual Studio Solution File, Format Version 12.00
# Visual Studio 15
VisualStudioVersion = 15.0.26124.0
MinimumVisualStudioVersion = 15.0.26124.0
Project("{FAE04EC0-301F-11D3-BF4B-00C04F79EFBC}") = "Pangul.Backend.Web", "Backend\Pangul.Backend.Web\Pangul.Backend.Web.csproj", "{05343C87-68A8-4102-BD3D-B5A5B094E935}"
EndProject
Project("{FAE04EC0-301F-11D3-BF4B-00C04F79EFBC}") = "Pangul.Core.Data", "Core\Pangul.Core.Data\Pangul.Core.Data.csproj", "{E8585BCB-555A-4578-BBCE-026BA916ACF0}"
EndProject
Project("{FAE04EC0-301F-11D3-BF4B-00C04F79EFBC}") = "Pangul.Services.Concrete", "Services\Pangul.Services.Concrete\Pangul.Services.Concrete.csproj", "{FD8AEBA1-0A78-40CC-AFDA-25DFB6994321}"
EndProject
Project("{FAE04EC0-301F-11D3-BF4B-00C04F79EFBC}") = "Pangul.Services.Tests", "Services\Pangul.Services.Tests\Pangul.Services.Tests.csproj", "{C3C8174E-44A4-4783-AA2A-70D988392029}"
EndProject
Project("{FAE04EC0-301F-11D3-BF4B-00C04F79EFBC}") = "Pangul.Services", "Services\Pangul.Services\Pangul.Services.csproj", "{B608723A-1516-4107-9DB6-131694463323}"
EndProject
Project("{2150E333-8FDC-42A3-9474-1A3956D46DE8}") = "Core", "Core", "{F465A120-D389-4D53-9F85-5979981C09AC}"
EndProject
Project("{2150E333-8FDC-42A3-9474-1A3956D46DE8}") = "Services", "Services", "{5868B408-FC88-4197-812E-5424C74F8A60}"
EndProject
Project("{2150E333-8FDC-42A3-9474-1A3956D46DE8}") = "Backend", "Backend", "{A48032BA-0BEF-4CE3-9442-458785046C7B}"
EndProject
Project("{FAE04EC0-301F-11D3-BF4B-00C04F79EFBC}") = "Pangul.Services.Search", "Services\Pangul.Services.Search\Pangul.Services.Search.csproj", "{29A290A5-9AB1-40FF-B15B-326D4CA16E95}"
EndProject
Project("{FAE04EC0-301F-11D3-BF4B-00C04F79EFBC}") = "Pangul.Services.Infrastructure", "Services\Pangul.Services.Infrastructure\Pangul.Services.Infrastructure.csproj", "{5FF982F6-AF7C-46F1-98A9-AE4E58C4B61C}"
EndProject
Project("{FAE04EC0-301F-11D3-BF4B-00C04F79EFBC}") = "Pangul.Core.Infrastructure", "Core\Pangul.Core.Infrastructure\Pangul.Core.Infrastructure.csproj", "{733665D5-9DD8-468F-BB8C-2FCA108E211B}"
EndProject
Global
	GlobalSection(SolutionConfigurationPlatforms) = preSolution
		Debug|Any CPU = Debug|Any CPU
		Debug|x64 = Debug|x64
		Debug|x86 = Debug|x86
		Release|Any CPU = Release|Any CPU
		Release|x64 = Release|x64
		Release|x86 = Release|x86
	EndGlobalSection
	GlobalSection(SolutionProperties) = preSolution
		HideSolutionNode = FALSE
	EndGlobalSection
	GlobalSection(ProjectConfigurationPlatforms) = postSolution
		{05343C87-68A8-4102-BD3D-B5A5B094E935}.Debug|Any CPU.ActiveCfg = Debug|Any CPU
		{05343C87-68A8-4102-BD3D-B5A5B094E935}.Debug|Any CPU.Build.0 = Debug|Any CPU
		{05343C87-68A8-4102-BD3D-B5A5B094E935}.Debug|x64.ActiveCfg = Debug|x64
		{05343C87-68A8-4102-BD3D-B5A5B094E935}.Debug|x64.Build.0 = Debug|x64
		{05343C87-68A8-4102-BD3D-B5A5B094E935}.Debug|x86.ActiveCfg = Debug|x86
		{05343C87-68A8-4102-BD3D-B5A5B094E935}.Debug|x86.Build.0 = Debug|x86
		{05343C87-68A8-4102-BD3D-B5A5B094E935}.Release|Any CPU.ActiveCfg = Release|Any CPU
		{05343C87-68A8-4102-BD3D-B5A5B094E935}.Release|Any CPU.Build.0 = Release|Any CPU
		{05343C87-68A8-4102-BD3D-B5A5B094E935}.Release|x64.ActiveCfg = Release|x64
		{05343C87-68A8-4102-BD3D-B5A5B094E935}.Release|x64.Build.0 = Release|x64
		{05343C87-68A8-4102-BD3D-B5A5B094E935}.Release|x86.ActiveCfg = Release|x86
		{05343C87-68A8-4102-BD3D-B5A5B094E935}.Release|x86.Build.0 = Release|x86
		{E8585BCB-555A-4578-BBCE-026BA916ACF0}.Debug|Any CPU.ActiveCfg = Debug|Any CPU
		{E8585BCB-555A-4578-BBCE-026BA916ACF0}.Debug|Any CPU.Build.0 = Debug|Any CPU
		{E8585BCB-555A-4578-BBCE-026BA916ACF0}.Debug|x64.ActiveCfg = Debug|x64
		{E8585BCB-555A-4578-BBCE-026BA916ACF0}.Debug|x64.Build.0 = Debug|x64
		{E8585BCB-555A-4578-BBCE-026BA916ACF0}.Debug|x86.ActiveCfg = Debug|x86
		{E8585BCB-555A-4578-BBCE-026BA916ACF0}.Debug|x86.Build.0 = Debug|x86
		{E8585BCB-555A-4578-BBCE-026BA916ACF0}.Release|Any CPU.ActiveCfg = Release|Any CPU
		{E8585BCB-555A-4578-BBCE-026BA916ACF0}.Release|Any CPU.Build.0 = Release|Any CPU
		{E8585BCB-555A-4578-BBCE-026BA916ACF0}.Release|x64.ActiveCfg = Release|x64
		{E8585BCB-555A-4578-BBCE-026BA916ACF0}.Release|x64.Build.0 = Release|x64
		{E8585BCB-555A-4578-BBCE-026BA916ACF0}.Release|x86.ActiveCfg = Release|x86
		{E8585BCB-555A-4578-BBCE-026BA916ACF0}.Release|x86.Build.0 = Release|x86
		{FD8AEBA1-0A78-40CC-AFDA-25DFB6994321}.Debug|Any CPU.ActiveCfg = Debug|Any CPU
		{FD8AEBA1-0A78-40CC-AFDA-25DFB6994321}.Debug|Any CPU.Build.0 = Debug|Any CPU
		{FD8AEBA1-0A78-40CC-AFDA-25DFB6994321}.Debug|x64.ActiveCfg = Debug|x64
		{FD8AEBA1-0A78-40CC-AFDA-25DFB6994321}.Debug|x64.Build.0 = Debug|x64
		{FD8AEBA1-0A78-40CC-AFDA-25DFB6994321}.Debug|x86.ActiveCfg = Debug|x86
		{FD8AEBA1-0A78-40CC-AFDA-25DFB6994321}.Debug|x86.Build.0 = Debug|x86
		{FD8AEBA1-0A78-40CC-AFDA-25DFB6994321}.Release|Any CPU.ActiveCfg = Release|Any CPU
		{FD8AEBA1-0A78-40CC-AFDA-25DFB6994321}.Release|Any CPU.Build.0 = Release|Any CPU
		{FD8AEBA1-0A78-40CC-AFDA-25DFB6994321}.Release|x64.ActiveCfg = Release|x64
		{FD8AEBA1-0A78-40CC-AFDA-25DFB6994321}.Release|x64.Build.0 = Release|x64
		{FD8AEBA1-0A78-40CC-AFDA-25DFB6994321}.Release|x86.ActiveCfg = Release|x86
		{FD8AEBA1-0A78-40CC-AFDA-25DFB6994321}.Release|x86.Build.0 = Release|x86
		{C3C8174E-44A4-4783-AA2A-70D988392029}.Debug|Any CPU.ActiveCfg = Debug|Any CPU
		{C3C8174E-44A4-4783-AA2A-70D988392029}.Debug|Any CPU.Build.0 = Debug|Any CPU
		{C3C8174E-44A4-4783-AA2A-70D988392029}.Debug|x64.ActiveCfg = Debug|x64
		{C3C8174E-44A4-4783-AA2A-70D988392029}.Debug|x64.Build.0 = Debug|x64
		{C3C8174E-44A4-4783-AA2A-70D988392029}.Debug|x86.ActiveCfg = Debug|x86
		{C3C8174E-44A4-4783-AA2A-70D988392029}.Debug|x86.Build.0 = Debug|x86
		{C3C8174E-44A4-4783-AA2A-70D988392029}.Release|Any CPU.ActiveCfg = Release|Any CPU
		{C3C8174E-44A4-4783-AA2A-70D988392029}.Release|Any CPU.Build.0 = Release|Any CPU
		{C3C8174E-44A4-4783-AA2A-70D988392029}.Release|x64.ActiveCfg = Release|x64
		{C3C8174E-44A4-4783-AA2A-70D988392029}.Release|x64.Build.0 = Release|x64
		{C3C8174E-44A4-4783-AA2A-70D988392029}.Release|x86.ActiveCfg = Release|x86
		{C3C8174E-44A4-4783-AA2A-70D988392029}.Release|x86.Build.0 = Release|x86
		{B608723A-1516-4107-9DB6-131694463323}.Debug|Any CPU.ActiveCfg = Debug|Any CPU
		{B608723A-1516-4107-9DB6-131694463323}.Debug|Any CPU.Build.0 = Debug|Any CPU
		{B608723A-1516-4107-9DB6-131694463323}.Debug|x64.ActiveCfg = Debug|x64
		{B608723A-1516-4107-9DB6-131694463323}.Debug|x64.Build.0 = Debug|x64
		{B608723A-1516-4107-9DB6-131694463323}.Debug|x86.ActiveCfg = Debug|x86
		{B608723A-1516-4107-9DB6-131694463323}.Debug|x86.Build.0 = Debug|x86
		{B608723A-1516-4107-9DB6-131694463323}.Release|Any CPU.ActiveCfg = Release|Any CPU
		{B608723A-1516-4107-9DB6-131694463323}.Release|Any CPU.Build.0 = Release|Any CPU
		{B608723A-1516-4107-9DB6-131694463323}.Release|x64.ActiveCfg = Release|x64
		{B608723A-1516-4107-9DB6-131694463323}.Release|x64.Build.0 = Release|x64
		{B608723A-1516-4107-9DB6-131694463323}.Release|x86.ActiveCfg = Release|x86
		{B608723A-1516-4107-9DB6-131694463323}.Release|x86.Build.0 = Release|x86
		{29A290A5-9AB1-40FF-B15B-326D4CA16E95}.Debug|Any CPU.ActiveCfg = Debug|Any CPU
		{29A290A5-9AB1-40FF-B15B-326D4CA16E95}.Debug|Any CPU.Build.0 = Debug|Any CPU
		{29A290A5-9AB1-40FF-B15B-326D4CA16E95}.Debug|x64.ActiveCfg = Debug|Any CPU
		{29A290A5-9AB1-40FF-B15B-326D4CA16E95}.Debug|x64.Build.0 = Debug|Any CPU
		{29A290A5-9AB1-40FF-B15B-326D4CA16E95}.Debug|x86.ActiveCfg = Debug|Any CPU
		{29A290A5-9AB1-40FF-B15B-326D4CA16E95}.Debug|x86.Build.0 = Debug|Any CPU
		{29A290A5-9AB1-40FF-B15B-326D4CA16E95}.Release|Any CPU.ActiveCfg = Release|Any CPU
		{29A290A5-9AB1-40FF-B15B-326D4CA16E95}.Release|Any CPU.Build.0 = Release|Any CPU
		{29A290A5-9AB1-40FF-B15B-326D4CA16E95}.Release|x64.ActiveCfg = Release|Any CPU
		{29A290A5-9AB1-40FF-B15B-326D4CA16E95}.Release|x64.Build.0 = Release|Any CPU
		{29A290A5-9AB1-40FF-B15B-326D4CA16E95}.Release|x86.ActiveCfg = Release|Any CPU
		{29A290A5-9AB1-40FF-B15B-326D4CA16E95}.Release|x86.Build.0 = Release|Any CPU
		{5FF982F6-AF7C-46F1-98A9-AE4E58C4B61C}.Debug|Any CPU.ActiveCfg = Debug|Any CPU
		{5FF982F6-AF7C-46F1-98A9-AE4E58C4B61C}.Debug|Any CPU.Build.0 = Debug|Any CPU
		{5FF982F6-AF7C-46F1-98A9-AE4E58C4B61C}.Debug|x64.ActiveCfg = Debug|Any CPU
		{5FF982F6-AF7C-46F1-98A9-AE4E58C4B61C}.Debug|x64.Build.0 = Debug|Any CPU
		{5FF982F6-AF7C-46F1-98A9-AE4E58C4B61C}.Debug|x86.ActiveCfg = Debug|Any CPU
		{5FF982F6-AF7C-46F1-98A9-AE4E58C4B61C}.Debug|x86.Build.0 = Debug|Any CPU
		{5FF982F6-AF7C-46F1-98A9-AE4E58C4B61C}.Release|Any CPU.ActiveCfg = Release|Any CPU
		{5FF982F6-AF7C-46F1-98A9-AE4E58C4B61C}.Release|Any CPU.Build.0 = Release|Any CPU
		{5FF982F6-AF7C-46F1-98A9-AE4E58C4B61C}.Release|x64.ActiveCfg = Release|Any CPU
		{5FF982F6-AF7C-46F1-98A9-AE4E58C4B61C}.Release|x64.Build.0 = Release|Any CPU
		{5FF982F6-AF7C-46F1-98A9-AE4E58C4B61C}.Release|x86.ActiveCfg = Release|Any CPU
		{5FF982F6-AF7C-46F1-98A9-AE4E58C4B61C}.Release|x86.Build.0 = Release|Any CPU
		{733665D5-9DD8-468F-BB8C-2FCA108E211B}.Debug|Any CPU.ActiveCfg = Debug|Any CPU
		{733665D5-9DD8-468F-BB8C-2FCA108E211B}.Debug|Any CPU.Build.0 = Debug|Any CPU
		{733665D5-9DD8-468F-BB8C-2FCA108E211B}.Debug|x64.ActiveCfg = Debug|Any CPU
		{733665D5-9DD8-468F-BB8C-2FCA108E211B}.Debug|x64.Build.0 = Debug|Any CPU
		{733665D5-9DD8-468F-BB8C-2FCA108E211B}.Debug|x86.ActiveCfg = Debug|Any CPU
		{733665D5-9DD8-468F-BB8C-2FCA108E211B}.Debug|x86.Build.0 = Debug|Any CPU
		{733665D5-9DD8-468F-BB8C-2FCA108E211B}.Release|Any CPU.ActiveCfg = Release|Any CPU
		{733665D5-9DD8-468F-BB8C-2FCA108E211B}.Release|Any CPU.Build.0 = Release|Any CPU
		{733665D5-9DD8-468F-BB8C-2FCA108E211B}.Release|x64.ActiveCfg = Release|Any CPU
		{733665D5-9DD8-468F-BB8C-2FCA108E211B}.Release|x64.Build.0 = Release|Any CPU
		{733665D5-9DD8-468F-BB8C-2FCA108E211B}.Release|x86.ActiveCfg = Release|Any CPU
		{733665D5-9DD8-468F-BB8C-2FCA108E211B}.Release|x86.Build.0 = Release|Any CPU
	EndGlobalSection
	GlobalSection(NestedProjects) = preSolution
		{E8585BCB-555A-4578-BBCE-026BA916ACF0} = {F465A120-D389-4D53-9F85-5979981C09AC}
		{B608723A-1516-4107-9DB6-131694463323} = {5868B408-FC88-4197-812E-5424C74F8A60}
		{FD8AEBA1-0A78-40CC-AFDA-25DFB6994321} = {5868B408-FC88-4197-812E-5424C74F8A60}
		{C3C8174E-44A4-4783-AA2A-70D988392029} = {5868B408-FC88-4197-812E-5424C74F8A60}
		{05343C87-68A8-4102-BD3D-B5A5B094E935} = {A48032BA-0BEF-4CE3-9442-458785046C7B}
		{29A290A5-9AB1-40FF-B15B-326D4CA16E95} = {5868B408-FC88-4197-812E-5424C74F8A60}
		{5FF982F6-AF7C-46F1-98A9-AE4E58C4B61C} = {5868B408-FC88-4197-812E-5424C74F8A60}
		{733665D5-9DD8-468F-BB8C-2FCA108E211B} = {F465A120-D389-4D53-9F85-5979981C09AC}
	EndGlobalSection
EndGlobal
